
Microsoft Visual Studio Solution File, Format Version 12.00
# Visual Studio Version 16
VisualStudioVersion = 16.0.29806.167
MinimumVisualStudioVersion = 10.0.40219.1
Project("{FAE04EC0-301F-11D3-BF4B-00C04F79EFBC}") = "FilmixPOST", "FilmixPOST.csproj", "{4C19B170-001E-460E-A4E4-CBF0E4C283AD}"
EndProject
Global
	GlobalSection(SolutionConfigurationPlatforms) = preSolution
		Debug|Any CPU = Debug|Any CPU
		Release|Any CPU = Release|Any CPU
	EndGlobalSection
	GlobalSection(ProjectConfigurationPlatforms) = postSolution
		{4C19B170-001E-460E-A4E4-CBF0E4C283AD}.Debug|Any CPU.ActiveCfg = Debug|Any CPU
		{4C19B170-001E-460E-A4E4-CBF0E4C283AD}.Debug|Any CPU.Build.0 = Debug|Any CPU
		{4C19B170-001E-460E-A4E4-CBF0E4C283AD}.Release|Any CPU.ActiveCfg = Release|Any CPU
		{4C19B170-001E-460E-A4E4-CBF0E4C283AD}.Release|Any CPU.Build.0 = Release|Any CPU
	EndGlobalSection
	GlobalSection(SolutionProperties) = preSolution
		HideSolutionNode = FALSE
	EndGlobalSection
	GlobalSection(ExtensibilityGlobals) = postSolution
		SolutionGuid = {315A1E70-D283-45A9-B13A-6A9C2D88057F}
	EndGlobalSection
EndGlobal
